// !$*UTF8*$!
{
	archiveVersion = 1;
	classes = {
	};
	objectVersion = 46;
	objects = {

/* Begin PBXBuildFile section */
		E22EFD0C1D717BCF00C7EC91 /* DeviceDataViewController.m in Sources */ = {isa = PBXBuildFile; fileRef = E22EFD0B1D717BCF00C7EC91 /* DeviceDataViewController.m */; };
		E233293A1DAAF0EB0097095C /* A380.obj in Resources */ = {isa = PBXBuildFile; fileRef = E23329381DAAF0EB0097095C /* A380.obj */; };
		E25000721D6DA18800C11438 /* DeviceDetailsViewController.m in Sources */ = {isa = PBXBuildFile; fileRef = E25000711D6DA18800C11438 /* DeviceDetailsViewController.m */; };
		E25000751D6DC68D00C11438 /* DeviceAdvertisementsViewController.m in Sources */ = {isa = PBXBuildFile; fileRef = E25000741D6DC68D00C11438 /* DeviceAdvertisementsViewController.m */; };
		E252DFDD1D6EDE73005AEF28 /* bledevices.json in Resources */ = {isa = PBXBuildFile; fileRef = E252DFDC1D6EDE73005AEF28 /* bledevices.json */; };
		E252DFE01D6F1272005AEF28 /* SensorFeature.m in Sources */ = {isa = PBXBuildFile; fileRef = E252DFDF1D6F1272005AEF28 /* SensorFeature.m */; };
		E252DFE21D6F2CCB005AEF28 /* CoolUtility.m in Sources */ = {isa = PBXBuildFile; fileRef = E252DFE11D6F2CCB005AEF28 /* CoolUtility.m */; };
		E26E1C0E1D6BF5050013B175 /* DialogIoTSensor.m in Sources */ = {isa = PBXBuildFile; fileRef = E26E1C0D1D6BF5050013B175 /* DialogIoTSensor.m */; };
		E26E1C111D6C37620013B175 /* DeviceServicesViewController.m in Sources */ = {isa = PBXBuildFile; fileRef = E26E1C101D6C37620013B175 /* DeviceServicesViewController.m */; };
		E26E1C141D6C426D0013B175 /* BLEUtility.m in Sources */ = {isa = PBXBuildFile; fileRef = E26E1C131D6C426D0013B175 /* BLEUtility.m */; };
		E282BC4C1D74F016000DC84A /* ChartView.m in Sources */ = {isa = PBXBuildFile; fileRef = E282BC4B1D74F016000DC84A /* ChartView.m */; };
		E2975F441DAAD82C00361521 /* OpenGLES.framework in Frameworks */ = {isa = PBXBuildFile; fileRef = E2975F431DAAD82C00361521 /* OpenGLES.framework */; };
		E2975F461DAAD83100361521 /* QuartzCore.framework in Frameworks */ = {isa = PBXBuildFile; fileRef = E2975F451DAAD83100361521 /* QuartzCore.framework */; };
		E2975F481DAAD84000361521 /* NinevehGL.framework in Frameworks */ = {isa = PBXBuildFile; fileRef = E2975F471DAAD84000361521 /* NinevehGL.framework */; };
		E2975F4B1DAAE2BC00361521 /* Device3DViewController.m in Sources */ = {isa = PBXBuildFile; fileRef = E2975F4A1DAAE2BC00361521 /* Device3DViewController.m */; };
		E29B3E601D6B0747002B500A /* DeviceListViewController.m in Sources */ = {isa = PBXBuildFile; fileRef = E29B3E5F1D6B0747002B500A /* DeviceListViewController.m */; };
		E2CA7EB41D62FF5E00CA3156 /* main.m in Sources */ = {isa = PBXBuildFile; fileRef = E2CA7EB31D62FF5E00CA3156 /* main.m */; };
		E2CA7EB71D62FF5E00CA3156 /* AppDelegate.m in Sources */ = {isa = PBXBuildFile; fileRef = E2CA7EB61D62FF5E00CA3156 /* AppDelegate.m */; };
		E2CA7EBD1D62FF5E00CA3156 /* Main.storyboard in Resources */ = {isa = PBXBuildFile; fileRef = E2CA7EBB1D62FF5E00CA3156 /* Main.storyboard */; };
		E2CA7EBF1D62FF5E00CA3156 /* Assets.xcassets in Resources */ = {isa = PBXBuildFile; fileRef = E2CA7EBE1D62FF5E00CA3156 /* Assets.xcassets */; };
		E2CA7EC21D62FF5E00CA3156 /* LaunchScreen.storyboard in Resources */ = {isa = PBXBuildFile; fileRef = E2CA7EC01D62FF5E00CA3156 /* LaunchScreen.storyboard */; };
		E2CA7ED21D63040500CA3156 /* BLEDevice.m in Sources */ = {isa = PBXBuildFile; fileRef = E2CA7ED11D63040500CA3156 /* BLEDevice.m */; };
		E2CA7ED51D6304CE00CA3156 /* BLEDevicesManager.m in Sources */ = {isa = PBXBuildFile; fileRef = E2CA7ED41D6304CE00CA3156 /* BLEDevicesManager.m */; };
/* End PBXBuildFile section */

/* Begin PBXFileReference section */
		E22EFD0A1D717BCF00C7EC91 /* DeviceDataViewController.h */ = {isa = PBXFileReference; fileEncoding = 4; lastKnownFileType = sourcecode.c.h; path = DeviceDataViewController.h; sourceTree = "<group>"; };
		E22EFD0B1D717BCF00C7EC91 /* DeviceDataViewController.m */ = {isa = PBXFileReference; fileEncoding = 4; lastKnownFileType = sourcecode.c.objc; path = DeviceDataViewController.m; sourceTree = "<group>"; };
		E23329381DAAF0EB0097095C /* A380.obj */ = {isa = PBXFileReference; fileEncoding = 4; lastKnownFileType = text; path = A380.obj; sourceTree = "<group>"; };
		E25000701D6DA18800C11438 /* DeviceDetailsViewController.h */ = {isa = PBXFileReference; fileEncoding = 4; lastKnownFileType = sourcecode.c.h; path = DeviceDetailsViewController.h; sourceTree = "<group>"; };
		E25000711D6DA18800C11438 /* DeviceDetailsViewController.m */ = {isa = PBXFileReference; fileEncoding = 4; lastKnownFileType = sourcecode.c.objc; path = DeviceDetailsViewController.m; sourceTree = "<group>"; };
		E25000731D6DC68D00C11438 /* DeviceAdvertisementsViewController.h */ = {isa = PBXFileReference; fileEncoding = 4; lastKnownFileType = sourcecode.c.h; path = DeviceAdvertisementsViewController.h; sourceTree = "<group>"; };
		E25000741D6DC68D00C11438 /* DeviceAdvertisementsViewController.m */ = {isa = PBXFileReference; fileEncoding = 4; lastKnownFileType = sourcecode.c.objc; path = DeviceAdvertisementsViewController.m; sourceTree = "<group>"; };
		E252DFDC1D6EDE73005AEF28 /* bledevices.json */ = {isa = PBXFileReference; fileEncoding = 4; lastKnownFileType = text.json; path = bledevices.json; sourceTree = "<group>"; };
		E252DFDE1D6F1272005AEF28 /* SensorFeature.h */ = {isa = PBXFileReference; fileEncoding = 4; lastKnownFileType = sourcecode.c.h; path = SensorFeature.h; sourceTree = "<group>"; };
		E252DFDF1D6F1272005AEF28 /* SensorFeature.m */ = {isa = PBXFileReference; fileEncoding = 4; lastKnownFileType = sourcecode.c.objc; path = SensorFeature.m; sourceTree = "<group>"; };
		E252DFE11D6F2CCB005AEF28 /* CoolUtility.m */ = {isa = PBXFileReference; fileEncoding = 4; lastKnownFileType = sourcecode.c.objc; path = CoolUtility.m; sourceTree = "<group>"; };
		E26E1C0C1D6BF5050013B175 /* DialogIoTSensor.h */ = {isa = PBXFileReference; fileEncoding = 4; lastKnownFileType = sourcecode.c.h; path = DialogIoTSensor.h; sourceTree = "<group>"; };
		E26E1C0D1D6BF5050013B175 /* DialogIoTSensor.m */ = {isa = PBXFileReference; fileEncoding = 4; lastKnownFileType = sourcecode.c.objc; path = DialogIoTSensor.m; sourceTree = "<group>"; };
		E26E1C0F1D6C37620013B175 /* DeviceServicesViewController.h */ = {isa = PBXFileReference; fileEncoding = 4; lastKnownFileType = sourcecode.c.h; path = DeviceServicesViewController.h; sourceTree = "<group>"; };
		E26E1C101D6C37620013B175 /* DeviceServicesViewController.m */ = {isa = PBXFileReference; fileEncoding = 4; lastKnownFileType = sourcecode.c.objc; path = DeviceServicesViewController.m; sourceTree = "<group>"; };
		E26E1C121D6C426D0013B175 /* BLEUtility.h */ = {isa = PBXFileReference; fileEncoding = 4; lastKnownFileType = sourcecode.c.h; path = BLEUtility.h; sourceTree = "<group>"; };
		E26E1C131D6C426D0013B175 /* BLEUtility.m */ = {isa = PBXFileReference; fileEncoding = 4; lastKnownFileType = sourcecode.c.objc; path = BLEUtility.m; sourceTree = "<group>"; };
		E26E1C171D6C470B0013B175 /* CoolUtility.h */ = {isa = PBXFileReference; lastKnownFileType = sourcecode.c.h; path = CoolUtility.h; sourceTree = "<group>"; };
		E282BC4A1D74F016000DC84A /* ChartView.h */ = {isa = PBXFileReference; fileEncoding = 4; lastKnownFileType = sourcecode.c.h; path = ChartView.h; sourceTree = "<group>"; };
		E282BC4B1D74F016000DC84A /* ChartView.m */ = {isa = PBXFileReference; fileEncoding = 4; lastKnownFileType = sourcecode.c.objc; path = ChartView.m; sourceTree = "<group>"; };
		E2975F431DAAD82C00361521 /* OpenGLES.framework */ = {isa = PBXFileReference; lastKnownFileType = wrapper.framework; name = OpenGLES.framework; path = System/Library/Frameworks/OpenGLES.framework; sourceTree = SDKROOT; };
		E2975F451DAAD83100361521 /* QuartzCore.framework */ = {isa = PBXFileReference; lastKnownFileType = wrapper.framework; name = QuartzCore.framework; path = System/Library/Frameworks/QuartzCore.framework; sourceTree = SDKROOT; };
		E2975F471DAAD84000361521 /* NinevehGL.framework */ = {isa = PBXFileReference; lastKnownFileType = wrapper.framework; path = NinevehGL.framework; sourceTree = "<group>"; };
		E2975F491DAAE2BC00361521 /* Device3DViewController.h */ = {isa = PBXFileReference; fileEncoding = 4; lastKnownFileType = sourcecode.c.h; path = Device3DViewController.h; sourceTree = "<group>"; };
		E2975F4A1DAAE2BC00361521 /* Device3DViewController.m */ = {isa = PBXFileReference; fileEncoding = 4; lastKnownFileType = sourcecode.c.objc; path = Device3DViewController.m; sourceTree = "<group>"; };
		E29B3E5D1D6AE194002B500A /* PrefixHeader.pch */ = {isa = PBXFileReference; lastKnownFileType = sourcecode.c.h; path = PrefixHeader.pch; sourceTree = "<group>"; };
		E29B3E5E1D6B0747002B500A /* DeviceListViewController.h */ = {isa = PBXFileReference; fileEncoding = 4; lastKnownFileType = sourcecode.c.h; path = DeviceListViewController.h; sourceTree = "<group>"; };
		E29B3E5F1D6B0747002B500A /* DeviceListViewController.m */ = {isa = PBXFileReference; fileEncoding = 4; lastKnownFileType = sourcecode.c.objc; path = DeviceListViewController.m; sourceTree = "<group>"; };
		E2CA7EAF1D62FF5E00CA3156 /* BLESensor.app */ = {isa = PBXFileReference; explicitFileType = wrapper.application; includeInIndex = 0; path = BLESensor.app; sourceTree = BUILT_PRODUCTS_DIR; };
		E2CA7EB31D62FF5E00CA3156 /* main.m */ = {isa = PBXFileReference; lastKnownFileType = sourcecode.c.objc; path = main.m; sourceTree = "<group>"; };
		E2CA7EB51D62FF5E00CA3156 /* AppDelegate.h */ = {isa = PBXFileReference; lastKnownFileType = sourcecode.c.h; path = AppDelegate.h; sourceTree = "<group>"; };
		E2CA7EB61D62FF5E00CA3156 /* AppDelegate.m */ = {isa = PBXFileReference; lastKnownFileType = sourcecode.c.objc; path = AppDelegate.m; sourceTree = "<group>"; };
		E2CA7EBC1D62FF5E00CA3156 /* Base */ = {isa = PBXFileReference; lastKnownFileType = file.storyboard; name = Base; path = Base.lproj/Main.storyboard; sourceTree = "<group>"; };
		E2CA7EBE1D62FF5E00CA3156 /* Assets.xcassets */ = {isa = PBXFileReference; lastKnownFileType = folder.assetcatalog; path = Assets.xcassets; sourceTree = "<group>"; };
		E2CA7EC11D62FF5E00CA3156 /* Base */ = {isa = PBXFileReference; lastKnownFileType = file.storyboard; name = Base; path = Base.lproj/LaunchScreen.storyboard; sourceTree = "<group>"; };
		E2CA7EC31D62FF5E00CA3156 /* Info.plist */ = {isa = PBXFileReference; lastKnownFileType = text.plist.xml; path = Info.plist; sourceTree = "<group>"; };
		E2CA7ED01D63040500CA3156 /* BLEDevice.h */ = {isa = PBXFileReference; fileEncoding = 4; lastKnownFileType = sourcecode.c.h; path = BLEDevice.h; sourceTree = "<group>"; };
		E2CA7ED11D63040500CA3156 /* BLEDevice.m */ = {isa = PBXFileReference; fileEncoding = 4; lastKnownFileType = sourcecode.c.objc; path = BLEDevice.m; sourceTree = "<group>"; };
		E2CA7ED31D6304CE00CA3156 /* BLEDevicesManager.h */ = {isa = PBXFileReference; fileEncoding = 4; lastKnownFileType = sourcecode.c.h; path = BLEDevicesManager.h; sourceTree = "<group>"; };
		E2CA7ED41D6304CE00CA3156 /* BLEDevicesManager.m */ = {isa = PBXFileReference; fileEncoding = 4; lastKnownFileType = sourcecode.c.objc; path = BLEDevicesManager.m; sourceTree = "<group>"; };
/* End PBXFileReference section */

/* Begin PBXFrameworksBuildPhase section */
		E2CA7EAC1D62FF5E00CA3156 /* Frameworks */ = {
			isa = PBXFrameworksBuildPhase;
			buildActionMask = 2147483647;
			files = (
				E2975F481DAAD84000361521 /* NinevehGL.framework in Frameworks */,
				E2975F461DAAD83100361521 /* QuartzCore.framework in Frameworks */,
				E2975F441DAAD82C00361521 /* OpenGLES.framework in Frameworks */,
			);
			runOnlyForDeploymentPostprocessing = 0;
		};
/* End PBXFrameworksBuildPhase section */

/* Begin PBXGroup section */
		E26E1C151D6C42FA0013B175 /* Model */ = {
			isa = PBXGroup;
			children = (
				E26E1C0C1D6BF5050013B175 /* DialogIoTSensor.h */,
				E26E1C0D1D6BF5050013B175 /* DialogIoTSensor.m */,
				E252DFDC1D6EDE73005AEF28 /* bledevices.json */,
				E252DFDE1D6F1272005AEF28 /* SensorFeature.h */,
				E252DFDF1D6F1272005AEF28 /* SensorFeature.m */,
			);
			name = Model;
			sourceTree = "<group>";
		};
		E26E1C161D6C430E0013B175 /* Controllers */ = {
			isa = PBXGroup;
			children = (
				E29B3E5E1D6B0747002B500A /* DeviceListViewController.h */,
				E29B3E5F1D6B0747002B500A /* DeviceListViewController.m */,
				E25000701D6DA18800C11438 /* DeviceDetailsViewController.h */,
				E25000711D6DA18800C11438 /* DeviceDetailsViewController.m */,
				E26E1C0F1D6C37620013B175 /* DeviceServicesViewController.h */,
				E26E1C101D6C37620013B175 /* DeviceServicesViewController.m */,
				E25000731D6DC68D00C11438 /* DeviceAdvertisementsViewController.h */,
				E25000741D6DC68D00C11438 /* DeviceAdvertisementsViewController.m */,
				E22EFD0A1D717BCF00C7EC91 /* DeviceDataViewController.h */,
				E22EFD0B1D717BCF00C7EC91 /* DeviceDataViewController.m */,
				E2975F491DAAE2BC00361521 /* Device3DViewController.h */,
				E2975F4A1DAAE2BC00361521 /* Device3DViewController.m */,
			);
			name = Controllers;
			sourceTree = "<group>";
		};
		E26E1C181D6C47140013B175 /* Common */ = {
			isa = PBXGroup;
			children = (
				E26E1C171D6C470B0013B175 /* CoolUtility.h */,
				E252DFE11D6F2CCB005AEF28 /* CoolUtility.m */,
			);
			name = Common;
			sourceTree = "<group>";
		};
		E2975F421DAAD82C00361521 /* Frameworks */ = {
			isa = PBXGroup;
			children = (
				E2975F471DAAD84000361521 /* NinevehGL.framework */,
				E2975F451DAAD83100361521 /* QuartzCore.framework */,
				E2975F431DAAD82C00361521 /* OpenGLES.framework */,
			);
			name = Frameworks;
			sourceTree = "<group>";
		};
		E2CA7EA61D62FF5E00CA3156 = {
			isa = PBXGroup;
			children = (
				E2CA7EB11D62FF5E00CA3156 /* BLESensor */,
				E2CA7EB01D62FF5E00CA3156 /* Products */,
				E2975F421DAAD82C00361521 /* Frameworks */,
			);
			sourceTree = "<group>";
		};
		E2CA7EB01D62FF5E00CA3156 /* Products */ = {
			isa = PBXGroup;
			children = (
				E2CA7EAF1D62FF5E00CA3156 /* BLESensor.app */,
			);
			name = Products;
			sourceTree = "<group>";
		};
		E2CA7EB11D62FF5E00CA3156 /* BLESensor */ = {
			isa = PBXGroup;
			children = (
				E26E1C181D6C47140013B175 /* Common */,
				E2CA7EC91D6301F700CA3156 /* BLE */,
				E26E1C151D6C42FA0013B175 /* Model */,
				E26E1C161D6C430E0013B175 /* Controllers */,
				E2CA7EB51D62FF5E00CA3156 /* AppDelegate.h */,
				E2CA7EB61D62FF5E00CA3156 /* AppDelegate.m */,
				E282BC4A1D74F016000DC84A /* ChartView.h */,
				E282BC4B1D74F016000DC84A /* ChartView.m */,
				E2CA7EBB1D62FF5E00CA3156 /* Main.storyboard */,
				E2CA7EBE1D62FF5E00CA3156 /* Assets.xcassets */,
				E2CA7EC01D62FF5E00CA3156 /* LaunchScreen.storyboard */,
				E2CA7EC31D62FF5E00CA3156 /* Info.plist */,
				E2CA7EB21D62FF5E00CA3156 /* Supporting Files */,
			);
			path = BLESensor;
			sourceTree = "<group>";
		};
		E2CA7EB21D62FF5E00CA3156 /* Supporting Files */ = {
			isa = PBXGroup;
			children = (
				E23329381DAAF0EB0097095C /* A380.obj */,
				E2CA7EB31D62FF5E00CA3156 /* main.m */,
				E29B3E5D1D6AE194002B500A /* PrefixHeader.pch */,
			);
			name = "Supporting Files";
			sourceTree = "<group>";
		};
		E2CA7EC91D6301F700CA3156 /* BLE */ = {
			isa = PBXGroup;
			children = (
				E26E1C121D6C426D0013B175 /* BLEUtility.h */,
				E26E1C131D6C426D0013B175 /* BLEUtility.m */,
				E2CA7ED01D63040500CA3156 /* BLEDevice.h */,
				E2CA7ED11D63040500CA3156 /* BLEDevice.m */,
				E2CA7ED31D6304CE00CA3156 /* BLEDevicesManager.h */,
				E2CA7ED41D6304CE00CA3156 /* BLEDevicesManager.m */,
			);
			name = BLE;
			sourceTree = "<group>";
		};
/* End PBXGroup section */

/* Begin PBXNativeTarget section */
		E2CA7EAE1D62FF5E00CA3156 /* BLESensor */ = {
			isa = PBXNativeTarget;
			buildConfigurationList = E2CA7EC61D62FF5E00CA3156 /* Build configuration list for PBXNativeTarget "BLESensor" */;
			buildPhases = (
				E2CA7EAB1D62FF5E00CA3156 /* Sources */,
				E2CA7EAC1D62FF5E00CA3156 /* Frameworks */,
				E2CA7EAD1D62FF5E00CA3156 /* Resources */,
			);
			buildRules = (
			);
			dependencies = (
			);
			name = BLESensor;
			productName = BLESensor;
			productReference = E2CA7EAF1D62FF5E00CA3156 /* BLESensor.app */;
			productType = "com.apple.product-type.application";
		};
/* End PBXNativeTarget section */

/* Begin PBXProject section */
		E2CA7EA71D62FF5E00CA3156 /* Project object */ = {
			isa = PBXProject;
			attributes = {
				LastUpgradeCheck = 0800;
				ORGANIZATIONNAME = CoolTools;
				TargetAttributes = {
					E2CA7EAE1D62FF5E00CA3156 = {
						CreatedOnToolsVersion = 7.3.1;
						DevelopmentTeam = D9HVCB63EH;
					};
				};
			};
			buildConfigurationList = E2CA7EAA1D62FF5E00CA3156 /* Build configuration list for PBXProject "BLESensor" */;
			compatibilityVersion = "Xcode 3.2";
			developmentRegion = English;
			hasScannedForEncodings = 0;
			knownRegions = (
				en,
				Base,
			);
			mainGroup = E2CA7EA61D62FF5E00CA3156;
			productRefGroup = E2CA7EB01D62FF5E00CA3156 /* Products */;
			projectDirPath = "";
			projectRoot = "";
			targets = (
				E2CA7EAE1D62FF5E00CA3156 /* BLESensor */,
			);
		};
/* End PBXProject section */

/* Begin PBXResourcesBuildPhase section */
		E2CA7EAD1D62FF5E00CA3156 /* Resources */ = {
			isa = PBXResourcesBuildPhase;
			buildActionMask = 2147483647;
			files = (
				E2CA7EC21D62FF5E00CA3156 /* LaunchScreen.storyboard in Resources */,
				E2CA7EBF1D62FF5E00CA3156 /* Assets.xcassets in Resources */,
				E233293A1DAAF0EB0097095C /* A380.obj in Resources */,
				E2CA7EBD1D62FF5E00CA3156 /* Main.storyboard in Resources */,
				E252DFDD1D6EDE73005AEF28 /* bledevices.json in Resources */,
			);
			runOnlyForDeploymentPostprocessing = 0;
		};
/* End PBXResourcesBuildPhase section */

/* Begin PBXSourcesBuildPhase section */
		E2CA7EAB1D62FF5E00CA3156 /* Sources */ = {
			isa = PBXSourcesBuildPhase;
			buildActionMask = 2147483647;
			files = (
				E2CA7ED51D6304CE00CA3156 /* BLEDevicesManager.m in Sources */,
				E252DFE21D6F2CCB005AEF28 /* CoolUtility.m in Sources */,
				E252DFE01D6F1272005AEF28 /* SensorFeature.m in Sources */,
				E282BC4C1D74F016000DC84A /* ChartView.m in Sources */,
				E2975F4B1DAAE2BC00361521 /* Device3DViewController.m in Sources */,
				E29B3E601D6B0747002B500A /* DeviceListViewController.m in Sources */,
				E2CA7ED21D63040500CA3156 /* BLEDevice.m in Sources */,
				E26E1C0E1D6BF5050013B175 /* DialogIoTSensor.m in Sources */,
				E2CA7EB71D62FF5E00CA3156 /* AppDelegate.m in Sources */,
				E26E1C111D6C37620013B175 /* DeviceServicesViewController.m in Sources */,
				E25000751D6DC68D00C11438 /* DeviceAdvertisementsViewController.m in Sources */,
				E26E1C141D6C426D0013B175 /* BLEUtility.m in Sources */,
				E25000721D6DA18800C11438 /* DeviceDetailsViewController.m in Sources */,
				E2CA7EB41D62FF5E00CA3156 /* main.m in Sources */,
				E22EFD0C1D717BCF00C7EC91 /* DeviceDataViewController.m in Sources */,
			);
			runOnlyForDeploymentPostprocessing = 0;
		};
/* End PBXSourcesBuildPhase section */

/* Begin PBXVariantGroup section */
		E2CA7EBB1D62FF5E00CA3156 /* Main.storyboard */ = {
			isa = PBXVariantGroup;
			children = (
				E2CA7EBC1D62FF5E00CA3156 /* Base */,
			);
			name = Main.storyboard;
			sourceTree = "<group>";
		};
		E2CA7EC01D62FF5E00CA3156 /* LaunchScreen.storyboard */ = {
			isa = PBXVariantGroup;
			children = (
				E2CA7EC11D62FF5E00CA3156 /* Base */,
			);
			name = LaunchScreen.storyboard;
			sourceTree = "<group>";
		};
/* End PBXVariantGroup section */

/* Begin XCBuildConfiguration section */
		E2CA7EC41D62FF5E00CA3156 /* Debug */ = {
			isa = XCBuildConfiguration;
			buildSettings = {
				ALWAYS_SEARCH_USER_PATHS = NO;
				CLANG_ANALYZER_NONNULL = YES;
				CLANG_CXX_LANGUAGE_STANDARD = "gnu++0x";
				CLANG_CXX_LIBRARY = "libc++";
				CLANG_ENABLE_MODULES = YES;
				CLANG_ENABLE_OBJC_ARC = YES;
				CLANG_WARN_BOOL_CONVERSION = YES;
				CLANG_WARN_CONSTANT_CONVERSION = YES;
				CLANG_WARN_DIRECT_OBJC_ISA_USAGE = YES_ERROR;
				CLANG_WARN_EMPTY_BODY = YES;
				CLANG_WARN_ENUM_CONVERSION = YES;
				CLANG_WARN_INFINITE_RECURSION = YES;
				CLANG_WARN_INT_CONVERSION = YES;
				CLANG_WARN_OBJC_ROOT_CLASS = YES_ERROR;
				CLANG_WARN_SUSPICIOUS_MOVE = YES;
				CLANG_WARN_UNREACHABLE_CODE = YES;
				CLANG_WARN__DUPLICATE_METHOD_MATCH = YES;
				"CODE_SIGN_IDENTITY[sdk=iphoneos*]" = "iPhone Developer";
				COPY_PHASE_STRIP = NO;
				DEBUG_INFORMATION_FORMAT = dwarf;
				ENABLE_STRICT_OBJC_MSGSEND = YES;
				ENABLE_TESTABILITY = YES;
				GCC_C_LANGUAGE_STANDARD = gnu99;
				GCC_DYNAMIC_NO_PIC = NO;
				GCC_NO_COMMON_BLOCKS = YES;
				GCC_OPTIMIZATION_LEVEL = 0;
				GCC_PREPROCESSOR_DEFINITIONS = (
					"DEBUG=1",
					"$(inherited)",
				);
				GCC_WARN_64_TO_32_BIT_CONVERSION = YES;
				GCC_WARN_ABOUT_RETURN_TYPE = YES_ERROR;
				GCC_WARN_UNDECLARED_SELECTOR = YES;
				GCC_WARN_UNINITIALIZED_AUTOS = YES_AGGRESSIVE;
				GCC_WARN_UNUSED_FUNCTION = YES;
				GCC_WARN_UNUSED_VARIABLE = YES;
				IPHONEOS_DEPLOYMENT_TARGET = 8.0;
				MTL_ENABLE_DEBUG_INFO = YES;
				ONLY_ACTIVE_ARCH = YES;
				SDKROOT = iphoneos;
			};
			name = Debug;
		};
		E2CA7EC51D62FF5E00CA3156 /* Release */ = {
			isa = XCBuildConfiguration;
			buildSettings = {
				ALWAYS_SEARCH_USER_PATHS = NO;
				CLANG_ANALYZER_NONNULL = YES;
				CLANG_CXX_LANGUAGE_STANDARD = "gnu++0x";
				CLANG_CXX_LIBRARY = "libc++";
				CLANG_ENABLE_MODULES = YES;
				CLANG_ENABLE_OBJC_ARC = YES;
				CLANG_WARN_BOOL_CONVERSION = YES;
				CLANG_WARN_CONSTANT_CONVERSION = YES;
				CLANG_WARN_DIRECT_OBJC_ISA_USAGE = YES_ERROR;
				CLANG_WARN_EMPTY_BODY = YES;
				CLANG_WARN_ENUM_CONVERSION = YES;
				CLANG_WARN_INFINITE_RECURSION = YES;
				CLANG_WARN_INT_CONVERSION = YES;
				CLANG_WARN_OBJC_ROOT_CLASS = YES_ERROR;
				CLANG_WARN_SUSPICIOUS_MOVE = YES;
				CLANG_WARN_UNREACHABLE_CODE = YES;
				CLANG_WARN__DUPLICATE_METHOD_MATCH = YES;
				"CODE_SIGN_IDENTITY[sdk=iphoneos*]" = "iPhone Developer";
				COPY_PHASE_STRIP = NO;
				DEBUG_INFORMATION_FORMAT = "dwarf-with-dsym";
				ENABLE_NS_ASSERTIONS = NO;
				ENABLE_STRICT_OBJC_MSGSEND = YES;
				GCC_C_LANGUAGE_STANDARD = gnu99;
				GCC_NO_COMMON_BLOCKS = YES;
				GCC_WARN_64_TO_32_BIT_CONVERSION = YES;
				GCC_WARN_ABOUT_RETURN_TYPE = YES_ERROR;
				GCC_WARN_UNDECLARED_SELECTOR = YES;
				GCC_WARN_UNINITIALIZED_AUTOS = YES_AGGRESSIVE;
				GCC_WARN_UNUSED_FUNCTION = YES;
				GCC_WARN_UNUSED_VARIABLE = YES;
				IPHONEOS_DEPLOYMENT_TARGET = 8.0;
				MTL_ENABLE_DEBUG_INFO = NO;
				SDKROOT = iphoneos;
				VALIDATE_PRODUCT = YES;
			};
			name = Release;
		};
		E2CA7EC71D62FF5E00CA3156 /* Debug */ = {
			isa = XCBuildConfiguration;
			buildSettings = {
				ASSETCATALOG_COMPILER_APPICON_NAME = AppIcon;
				CODE_SIGN_IDENTITY = "iPhone Developer";
				"CODE_SIGN_IDENTITY[sdk=iphoneos*]" = "iPhone Developer";
				FRAMEWORK_SEARCH_PATHS = (
					"$(inherited)",
					"$(PROJECT_DIR)",
				);
				GCC_PRECOMPILE_PREFIX_HEADER = YES;
				GCC_PREFIX_HEADER = "$(SRCROOT)/BLESensor/PrefixHeader.pch";
				INFOPLIST_FILE = BLESensor/Info.plist;
				IPHONEOS_DEPLOYMENT_TARGET = 8.0;
				LD_RUNPATH_SEARCH_PATHS = "$(inherited) @executable_path/Frameworks";
				PRODUCT_BUNDLE_IDENTIFIER = erabbit.BLESensor;
				PRODUCT_NAME = "$(TARGET_NAME)";
				PROVISIONING_PROFILE = "";
			};
			name = Debug;
		};
		E2CA7EC81D62FF5E00CA3156 /* Release */ = {
			isa = XCBuildConfiguration;
			buildSettings = {
				ASSETCATALOG_COMPILER_APPICON_NAME = AppIcon;
				CODE_SIGN_IDENTITY = "iPhone Developer";
				"CODE_SIGN_IDENTITY[sdk=iphoneos*]" = "iPhone Developer";
				FRAMEWORK_SEARCH_PATHS = (
					"$(inherited)",
					"$(PROJECT_DIR)",
				);
				GCC_PRECOMPILE_PREFIX_HEADER = YES;
				GCC_PREFIX_HEADER = "$(SRCROOT)/BLESensor/PrefixHeader.pch";
				INFOPLIST_FILE = BLESensor/Info.plist;
				IPHONEOS_DEPLOYMENT_TARGET = 8.0;
				LD_RUNPATH_SEARCH_PATHS = "$(inherited) @executable_path/Frameworks";
				PRODUCT_BUNDLE_IDENTIFIER = erabbit.BLESensor;
				PRODUCT_NAME = "$(TARGET_NAME)";
				PROVISIONING_PROFILE = "";
			};
			name = Release;
		};
/* End XCBuildConfiguration section */

/* Begin XCConfigurationList section */
		E2CA7EAA1D62FF5E00CA3156 /* Build configuration list for PBXProject "BLESensor" */ = {
			isa = XCConfigurationList;
			buildConfigurations = (
				E2CA7EC41D62FF5E00CA3156 /* Debug */,
				E2CA7EC51D62FF5E00CA3156 /* Release */,
			);
			defaultConfigurationIsVisible = 0;
			defaultConfigurationName = Release;
		};
		E2CA7EC61D62FF5E00CA3156 /* Build configuration list for PBXNativeTarget "BLESensor" */ = {
			isa = XCConfigurationList;
			buildConfigurations = (
				E2CA7EC71D62FF5E00CA3156 /* Debug */,
				E2CA7EC81D62FF5E00CA3156 /* Release */,
			);
			defaultConfigurationIsVisible = 0;
			defaultConfigurationName = Release;
		};
/* End XCConfigurationList section */
	};
	rootObject = E2CA7EA71D62FF5E00CA3156 /* Project object */;
}
